{
  "version": 4,
  "terraform_version": "1.4.5",
  "serial": 5,
  "lineage": "3356d663-14c8-0520-9bbe-4a5014db73af",
  "outputs": {},
  "resources": [
    {
      "mode": "data",
      "type": "aws_caller_identity",
      "name": "current",
      "provider": "provider[\"registry.terraform.io/hashicorp/aws\"]",
      "instances": [
        {
          "schema_version": 0,
          "attributes": {
            "account_id": "462792239034",
            "arn": "arn:aws:iam::462792239034:user/admin_camer",
            "id": "462792239034",
            "user_id": "AIDAWXQERE65OTE6MH7BJ"
          },
          "sensitive_attributes": []
        }
      ]
    },
    {
      "mode": "data",
      "type": "aws_eks_cluster",
      "name": "revive",
      "provider": "provider[\"registry.terraform.io/hashicorp/aws\"]",
      "instances": [
        {
          "schema_version": 0,
          "attributes": {
            "arn": "arn:aws:eks:us-east-1:462792239034:cluster/2024-prod-revive",
            "certificate_authority": [
              {
                "data": "LS0tLS1CRUdJTiBDRVJUSUZJQ0FURS0tLS0tCk1JSUMvakNDQWVhZ0F3SUJBZ0lCQURBTkJna3Foa2lHOXcwQkFRc0ZBREFWTVJNd0VRWURWUVFERXdwcmRXSmwKY201bGRHVnpNQjRYRFRJME1ETXlNekF5TXprd09Wb1hEVE0wTURNeU1UQXlNemt3T1Zvd0ZURVRNQkVHQTFVRQpBeE1LYTNWaVpYSnVaWFJsY3pDQ0FTSXdEUVlKS29aSWh2Y05BUUVCQlFBRGdnRVBBRENDQVFvQ2dnRUJBTkR0ClZZYlNmdk02QUs4WVRBVGU4Z0ptV2dPZ1A2aGgvWktYRWVEUWN4OXhWWW01K1g5WDVTVDVYNS9HSlZCSHV4SW8KcWo2MUpBSEk0VDZoMVhZMHZpdjh6RlllZUc3MmZWOURqMXZLenRZZzFjNjNEQytnMW9UOU1lQWw3Ti9Yb1RMMAo5a0VDTUF6elFUYXR4N0lTbEUxUmtOYWxVYVFTb0ZGUWFOclVIWVZhMVM0U1FrWk9taGxaVCt1dnlwQndJRnQzCmc3Q1pBdVgzWnYyY3pEcFNGbHQ4dWJmOEJuQmlZMW82aXNBR1NHMm9EVC9HclB5dGtaTnZHOFUwNjB5dldTTGEKRHVHcS9CUUM4eTI2MTN0VkdySFU4aEplQjI1dktEb3ZaUzFBV3pFa1dCZzM3aHdCWnR5cldKYVF0aHZKdUk2OApZcGc0UGRNTnlSNnVHMjVabXNzQ0F3RUFBYU5aTUZjd0RnWURWUjBQQVFIL0JBUURBZ0trTUE4R0ExVWRFd0VCCi93UUZNQU1CQWY4d0hRWURWUjBPQkJZRUZOcGF2dGZiNTc5SzVsQUVnRTlzcFBWSHdVTlFNQlVHQTFVZEVRUU8KTUF5Q0NtdDFZbVZ5Ym1WMFpYTXdEUVlKS29aSWh2Y05BUUVMQlFBRGdnRUJBQjY5ZUxxRUcxdkUySEQvWG1OLwpQWG1qQmh6Sk53bVh6MmhXaTdvOFFwMHY0VW1QYW9qZ0lIc2dJRFBmVXVBVFgvZU5HZXdLbXVVbnJsS3puZXFqCkVid3lPbXI1SVMwVUJ4NkhHcmFveXBXcy9NODZrQnpLNTlyYU1EblFmalU1SG5KblRLSVY2eVVnZXc3UlFkSkEKL3VVRXZhR1pRUmNXQVlsczBrZWJndkpjZ3FPc0x4Q2RINW45ZWtRY0poNno1OEw2elpoSUpKUVdVWFVWOXpPLwpuWlk0dzVZYkxsYTdDNVVhK0x3ZmVob1E4ZFpoVmF3cGpuTTI2QWFyN3FGbTdKUWpVWitEaWxwMVVRaElRaGVECnpkQ3dlQ2FQdmdJUy9yZ0ZlSUhDRitKY3BqN2w1Ykl3SHFCbitReFd0aUgxbGxQaDBib1pqSXVSMStLQm9OQkkKRTV3PQotLS0tLUVORCBDRVJUSUZJQ0FURS0tLS0tCg=="
              }
            ],
            "cluster_id": null,
            "created_at": "2024-03-23 02:34:12.202 +0000 UTC",
            "enabled_cluster_log_types": [],
            "endpoint": "https://AC25A17BDAE856A955865D36D53DD1E5.yl4.us-east-1.eks.amazonaws.com",
            "id": "2024-prod-revive",
            "identity": [
              {
                "oidc": [
                  {
                    "issuer": "https://oidc.eks.us-east-1.amazonaws.com/id/AC25A17BDAE856A955865D36D53DD1E5"
                  }
                ]
              }
            ],
            "kubernetes_network_config": [
              {
                "ip_family": "ipv4",
                "service_ipv4_cidr": "172.20.0.0/16",
                "service_ipv6_cidr": ""
              }
            ],
            "name": "2024-prod-revive",
            "outpost_config": [],
            "platform_version": "eks.19",
            "role_arn": "arn:aws:iam::462792239034:role/2024-Prod-revive-control-plane-role",
            "status": "ACTIVE",
            "tags": {},
            "version": "1.24",
            "vpc_config": [
              {
                "cluster_security_group_id": "sg-05a4bf4f70cc85137",
                "endpoint_private_access": false,
                "endpoint_public_access": true,
                "public_access_cidrs": [
                  "0.0.0.0/0"
                ],
                "security_group_ids": [],
                "subnet_ids": [
                  "subnet-0199dec40150f980d",
                  "subnet-074789ddf573a467a",
                  "subnet-097300845fe34b768"
                ],
                "vpc_id": "vpc-0e04fc6e8365716d7"
              }
            ]
          },
          "sensitive_attributes": []
        }
      ]
    },
    {
      "mode": "data",
      "type": "aws_eks_cluster_auth",
      "name": "revive",
      "provider": "provider[\"registry.terraform.io/hashicorp/aws\"]",
      "instances": [
        {
          "schema_version": 0,
          "attributes": {
            "id": "2024-prod-revive",
            "name": "2024-prod-revive",
            "token": "k8s-aws-v1.aHR0cHM6Ly9zdHMuYW1hem9uYXdzLmNvbS8_QWN0aW9uPUdldENhbGxlcklkZW50aXR5JlZlcnNpb249MjAxMS0wNi0xNSZYLUFtei1BbGdvcml0aG09QVdTNC1ITUFDLVNIQTI1NiZYLUFtei1DcmVkZW50aWFsPUFLSUFXWFFFUkU2NUwzWEg1QVVXJTJGMjAyNDAzMjMlMkZ1cy1lYXN0LTElMkZzdHMlMkZhd3M0X3JlcXVlc3QmWC1BbXotRGF0ZT0yMDI0MDMyM1QwMzI1MzdaJlgtQW16LUV4cGlyZXM9MCZYLUFtei1TaWduZWRIZWFkZXJzPWhvc3QlM0J4LWs4cy1hd3MtaWQmWC1BbXotU2lnbmF0dXJlPWJkMTcxZDY1YTVlMDM5NzczYTNhZjRjOGQwN2ZkZGQ4YzE1ZjE4NDg5NmNmYmEwOTEyYTliMTRkMzc1NTVjNTQ"
          },
          "sensitive_attributes": []
        }
      ]
    },
    {
      "mode": "data",
      "type": "aws_vpc",
      "name": "revive_vpc",
      "provider": "provider[\"registry.terraform.io/hashicorp/aws\"]",
      "instances": [
        {
          "schema_version": 0,
          "attributes": {
            "arn": "arn:aws:ec2:us-east-1:462792239034:vpc/vpc-0e04fc6e8365716d7",
            "cidr_block": "10.0.0.0/16",
            "cidr_block_associations": [
              {
                "association_id": "vpc-cidr-assoc-0d3da1256ce541423",
                "cidr_block": "10.0.0.0/16",
                "state": "associated"
              }
            ],
            "default": false,
            "dhcp_options_id": "dopt-00cefed598a1a5681",
            "enable_dns_hostnames": true,
            "enable_dns_support": true,
            "enable_network_address_usage_metrics": false,
            "filter": [
              {
                "name": "tag:Name",
                "values": [
                  "2024-Prod-revive-vpc"
                ]
              }
            ],
            "id": "vpc-0e04fc6e8365716d7",
            "instance_tenancy": "default",
            "ipv6_association_id": "",
            "ipv6_cidr_block": "",
            "main_route_table_id": "rtb-0944acb9185d77fb6",
            "owner_id": "462792239034",
            "state": null,
            "tags": {
              "Name": "2024-Prod-revive-vpc",
              "cloud_provider": "aws",
              "create_by": "EK-TECH Solutions",
              "environment": "Prod",
              "id": "2024",
              "owner": "Devops Easy Learning",
              "project": "revive",
              "teams": "Phase-10-1"
            },
            "timeouts": null
          },
          "sensitive_attributes": []
        }
      ]
    },
    {
      "mode": "managed",
      "type": "aws_iam_policy",
      "name": "aws-load-balancer-controller-polcy",
      "provider": "provider[\"registry.terraform.io/hashicorp/aws\"]",
      "instances": [
        {
          "schema_version": 0,
          "attributes": {
            "arn": "arn:aws:iam::462792239034:policy/2024-Prod-revive-aws-load-balancer-controller-iam-policy",
            "description": "External DNS IAM Policy",
            "id": "arn:aws:iam::462792239034:policy/2024-Prod-revive-aws-load-balancer-controller-iam-policy",
            "name": "2024-Prod-revive-aws-load-balancer-controller-iam-policy",
            "name_prefix": "",
            "path": "/",
            "policy": "{\"Statement\":[{\"Action\":[\"iam:CreateServiceLinkedRole\"],\"Condition\":{\"StringEquals\":{\"iam:AWSServiceName\":\"elasticloadbalancing.amazonaws.com\"}},\"Effect\":\"Allow\",\"Resource\":\"*\"},{\"Action\":[\"ec2:DescribeAccountAttributes\",\"ec2:DescribeAddresses\",\"ec2:DescribeAvailabilityZones\",\"ec2:DescribeInternetGateways\",\"ec2:DescribeVpcs\",\"ec2:DescribeVpcPeeringConnections\",\"ec2:DescribeSubnets\",\"ec2:DescribeSecurityGroups\",\"ec2:DescribeInstances\",\"ec2:DescribeNetworkInterfaces\",\"ec2:DescribeTags\",\"ec2:GetCoipPoolUsage\",\"ec2:DescribeCoipPools\",\"elasticloadbalancing:DescribeLoadBalancers\",\"elasticloadbalancing:DescribeLoadBalancerAttributes\",\"elasticloadbalancing:DescribeListeners\",\"elasticloadbalancing:DescribeListenerCertificates\",\"elasticloadbalancing:DescribeSSLPolicies\",\"elasticloadbalancing:DescribeRules\",\"elasticloadbalancing:DescribeTargetGroups\",\"elasticloadbalancing:DescribeTargetGroupAttributes\",\"elasticloadbalancing:DescribeTargetHealth\",\"elasticloadbalancing:DescribeTags\",\"elasticloadbalancing:CreateLoadBalancer\"],\"Effect\":\"Allow\",\"Resource\":\"*\"},{\"Action\":[\"cognito-idp:DescribeUserPoolClient\",\"acm:ListCertificates\",\"acm:DescribeCertificate\",\"iam:ListServerCertificates\",\"iam:GetServerCertificate\",\"waf-regional:GetWebACL\",\"waf-regional:GetWebACLForResource\",\"waf-regional:AssociateWebACL\",\"waf-regional:DisassociateWebACL\",\"wafv2:GetWebACL\",\"wafv2:GetWebACLForResource\",\"wafv2:AssociateWebACL\",\"wafv2:DisassociateWebACL\",\"shield:GetSubscriptionState\",\"shield:DescribeProtection\",\"shield:CreateProtection\",\"shield:DeleteProtection\"],\"Effect\":\"Allow\",\"Resource\":\"*\"},{\"Action\":[\"ec2:AuthorizeSecurityGroupIngress\",\"ec2:RevokeSecurityGroupIngress\"],\"Effect\":\"Allow\",\"Resource\":\"*\"},{\"Action\":[\"ec2:CreateSecurityGroup\"],\"Effect\":\"Allow\",\"Resource\":\"*\"},{\"Action\":[\"ec2:CreateTags\"],\"Condition\":{\"Null\":{\"aws:RequestTag/elbv2.k8s.aws/cluster\":\"false\"},\"StringEquals\":{\"ec2:CreateAction\":\"CreateSecurityGroup\"}},\"Effect\":\"Allow\",\"Resource\":\"arn:aws:ec2:*:*:security-group/*\"},{\"Action\":[\"ec2:CreateTags\",\"ec2:DeleteTags\"],\"Condition\":{\"Null\":{\"aws:RequestTag/elbv2.k8s.aws/cluster\":\"true\",\"aws:ResourceTag/elbv2.k8s.aws/cluster\":\"false\"}},\"Effect\":\"Allow\",\"Resource\":\"arn:aws:ec2:*:*:security-group/*\"},{\"Action\":[\"ec2:AuthorizeSecurityGroupIngress\",\"ec2:RevokeSecurityGroupIngress\",\"ec2:DeleteSecurityGroup\"],\"Condition\":{\"Null\":{\"aws:ResourceTag/elbv2.k8s.aws/cluster\":\"false\"}},\"Effect\":\"Allow\",\"Resource\":\"*\"},{\"Action\":[\"elasticloadbalancing:CreateLoadBalancer\",\"elasticloadbalancing:CreateTargetGroup\"],\"Condition\":{\"Null\":{\"aws:RequestTag/elbv2.k8s.aws/cluster\":\"false\"}},\"Effect\":\"Allow\",\"Resource\":\"*\"},{\"Action\":[\"elasticloadbalancing:CreateListener\",\"elasticloadbalancing:DeleteListener\",\"elasticloadbalancing:CreateRule\",\"elasticloadbalancing:DeleteRule\"],\"Effect\":\"Allow\",\"Resource\":\"*\"},{\"Action\":[\"elasticloadbalancing:AddTags\",\"elasticloadbalancing:RemoveTags\"],\"Condition\":{\"Null\":{\"aws:RequestTag/elbv2.k8s.aws/cluster\":\"true\",\"aws:ResourceTag/elbv2.k8s.aws/cluster\":\"false\"}},\"Effect\":\"Allow\",\"Resource\":[\"arn:aws:elasticloadbalancing:*:*:targetgroup/*/*\",\"arn:aws:elasticloadbalancing:*:*:loadbalancer/net/*/*\",\"arn:aws:elasticloadbalancing:*:*:loadbalancer/app/*/*\"]},{\"Action\":[\"elasticloadbalancing:AddTags\",\"elasticloadbalancing:RemoveTags\"],\"Effect\":\"Allow\",\"Resource\":[\"arn:aws:elasticloadbalancing:*:*:listener/net/*/*/*\",\"arn:aws:elasticloadbalancing:*:*:listener/app/*/*/*\",\"arn:aws:elasticloadbalancing:*:*:listener-rule/net/*/*/*\",\"arn:aws:elasticloadbalancing:*:*:listener-rule/app/*/*/*\"]},{\"Action\":[\"elasticloadbalancing:ModifyLoadBalancerAttributes\",\"elasticloadbalancing:SetIpAddressType\",\"elasticloadbalancing:SetSecurityGroups\",\"elasticloadbalancing:SetSubnets\",\"elasticloadbalancing:DeleteLoadBalancer\",\"elasticloadbalancing:ModifyTargetGroup\",\"elasticloadbalancing:ModifyTargetGroupAttributes\",\"elasticloadbalancing:DeleteTargetGroup\",\"elasticloadbalancing:AddTags\"],\"Condition\":{\"Null\":{\"aws:ResourceTag/elbv2.k8s.aws/cluster\":\"false\"}},\"Effect\":\"Allow\",\"Resource\":\"*\"},{\"Action\":[\"elasticloadbalancing:RegisterTargets\",\"elasticloadbalancing:DeregisterTargets\"],\"Effect\":\"Allow\",\"Resource\":\"arn:aws:elasticloadbalancing:*:*:targetgroup/*/*\"},{\"Action\":[\"elasticloadbalancing:SetWebAcl\",\"elasticloadbalancing:ModifyListener\",\"elasticloadbalancing:AddListenerCertificates\",\"elasticloadbalancing:RemoveListenerCertificates\",\"elasticloadbalancing:ModifyRule\"],\"Effect\":\"Allow\",\"Resource\":\"*\"}],\"Version\":\"2012-10-17\"}",
            "policy_id": "ANPAWXQERE65M4KNTERHJ",
            "tags": null,
            "tags_all": {}
          },
          "sensitive_attributes": [],
          "private": "bnVsbA=="
        }
      ]
    },
    {
      "mode": "managed",
      "type": "aws_iam_role",
      "name": "aws-load-balancer-controller",
      "provider": "provider[\"registry.terraform.io/hashicorp/aws\"]",
      "instances": [
        {
          "schema_version": 0,
          "attributes": {
            "arn": "arn:aws:iam::462792239034:role/2024-Prod-revive-aws-load-balancer-controller-iam-role",
            "assume_role_policy": "{\"Statement\":[{\"Action\":\"sts:AssumeRoleWithWebIdentity\",\"Condition\":{\"StringEquals\":{\"oidc.eks.us-east-1.amazonaws.com/id/AC25A17BDAE856A955865D36D53DD1E5:sub\":\"system:serviceaccount:kube-system:aws-load-balancer-controller-sa\"}},\"Effect\":\"Allow\",\"Principal\":{\"Federated\":\"arn:aws:iam::462792239034:oidc-provider/oidc.eks.us-east-1.amazonaws.com/id/AC25A17BDAE856A955865D36D53DD1E5\"},\"Sid\":\"\"}],\"Version\":\"2012-10-17\"}",
            "create_date": "2024-03-23T03:25:39Z",
            "description": "",
            "force_detach_policies": false,
            "id": "2024-Prod-revive-aws-load-balancer-controller-iam-role",
            "inline_policy": [],
            "managed_policy_arns": [],
            "max_session_duration": 3600,
            "name": "2024-Prod-revive-aws-load-balancer-controller-iam-role",
            "name_prefix": "",
            "path": "/",
            "permissions_boundary": null,
            "role_last_used": [
              {
                "last_used_date": "",
                "region": ""
              }
            ],
            "tags": {
              "tag-key": "2024-Prod-revive-aws-load-balancer-controller-iam-role"
            },
            "tags_all": {
              "tag-key": "2024-Prod-revive-aws-load-balancer-controller-iam-role"
            },
            "unique_id": "AROAWXQERE65DW5INMS7P"
          },
          "sensitive_attributes": [],
          "private": "bnVsbA==",
          "dependencies": [
            "data.aws_caller_identity.current",
            "data.aws_eks_cluster.revive"
          ]
        }
      ]
    },
    {
      "mode": "managed",
      "type": "aws_iam_role_policy_attachment",
      "name": "aws-load-balancer-controller_attach",
      "provider": "provider[\"registry.terraform.io/hashicorp/aws\"]",
      "instances": [
        {
          "schema_version": 0,
          "attributes": {
            "id": "2024-Prod-revive-aws-load-balancer-controller-iam-role-20240323032539709400000001",
            "policy_arn": "arn:aws:iam::462792239034:policy/2024-Prod-revive-aws-load-balancer-controller-iam-policy",
            "role": "2024-Prod-revive-aws-load-balancer-controller-iam-role"
          },
          "sensitive_attributes": [],
          "private": "bnVsbA==",
          "dependencies": [
            "aws_iam_policy.aws-load-balancer-controller-polcy",
            "aws_iam_role.aws-load-balancer-controller",
            "data.aws_caller_identity.current",
            "data.aws_eks_cluster.revive"
          ]
        }
      ]
    },
    {
      "mode": "managed",
      "type": "helm_release",
      "name": "loadbalancer_controller",
      "provider": "provider[\"registry.terraform.io/hashicorp/helm\"]",
      "instances": [
        {
          "schema_version": 1,
          "attributes": {
            "atomic": false,
            "chart": "aws-load-balancer-controller",
            "cleanup_on_fail": false,
            "create_namespace": false,
            "dependency_update": false,
            "description": null,
            "devel": null,
            "disable_crd_hooks": false,
            "disable_openapi_validation": false,
            "disable_webhooks": false,
            "force_update": false,
            "id": "aws-load-balancer-controller",
            "keyring": null,
            "lint": false,
            "manifest": null,
            "max_history": 0,
            "metadata": [
              {
                "app_version": "v2.7.2",
                "chart": "aws-load-balancer-controller",
                "name": "aws-load-balancer-controller",
                "namespace": "kube-system",
                "revision": 1,
                "values": "{\"clusterName\":\"2024-prod-revive\",\"image\":{\"repository\":\"602401143452.dkr.ecr.us-east-1.amazonaws.com/amazon/aws-load-balancer-controller\"},\"region\":\"us-east-1\",\"serviceAccount\":{\"annotations\":{\"eks.amazonaws.com/role-arn\":\"arn:aws:iam::462792239034:role/2024-Prod-revive-aws-load-balancer-controller-iam-role\"},\"create\":true,\"name\":\"aws-load-balancer-controller-sa\"},\"vpcId\":\"vpc-0e04fc6e8365716d7\"}",
                "version": "1.7.2"
              }
            ],
            "name": "aws-load-balancer-controller",
            "namespace": "kube-system",
            "pass_credentials": false,
            "postrender": [],
            "recreate_pods": false,
            "render_subchart_notes": true,
            "replace": false,
            "repository": "https://aws.github.io/eks-charts",
            "repository_ca_file": null,
            "repository_cert_file": null,
            "repository_key_file": null,
            "repository_password": null,
            "repository_username": null,
            "reset_values": false,
            "reuse_values": false,
            "set": [
              {
                "name": "clusterName",
                "type": "",
                "value": "2024-prod-revive"
              },
              {
                "name": "image.repository",
                "type": "",
                "value": "602401143452.dkr.ecr.us-east-1.amazonaws.com/amazon/aws-load-balancer-controller"
              },
              {
                "name": "region",
                "type": "",
                "value": "us-east-1"
              },
              {
                "name": "serviceAccount.annotations.eks\\.amazonaws\\.com/role-arn",
                "type": "",
                "value": "arn:aws:iam::462792239034:role/2024-Prod-revive-aws-load-balancer-controller-iam-role"
              },
              {
                "name": "serviceAccount.create",
                "type": "",
                "value": "true"
              },
              {
                "name": "serviceAccount.name",
                "type": "",
                "value": "aws-load-balancer-controller-sa"
              },
              {
                "name": "vpcId",
                "type": "",
                "value": "vpc-0e04fc6e8365716d7"
              }
            ],
            "set_list": [],
            "set_sensitive": [],
            "skip_crds": false,
            "status": "deployed",
            "timeout": 300,
            "values": null,
            "verify": false,
            "version": "1.7.2",
            "wait": true,
            "wait_for_jobs": false
          },
          "sensitive_attributes": [],
          "private": "eyJzY2hlbWFfdmVyc2lvbiI6IjEifQ==",
          "dependencies": [
            "aws_iam_role.aws-load-balancer-controller",
            "data.aws_caller_identity.current",
            "data.aws_eks_cluster.revive",
            "data.aws_eks_cluster_auth.revive",
            "data.aws_vpc.revive_vpc"
          ]
        }
      ]
    }
  ],
  "check_results": null
}
